// !$*UTF8*$!
{
	archiveVersion = 1;
	classes = {
	};
	objectVersion = 46;
	objects = {

/* Begin PBXBuildFile section */
		842D5DD51BF7E73500EDA8E2 /* btn1.png in Resources */ = {isa = PBXBuildFile; fileRef = 842D5DCC1BF7E73500EDA8E2 /* btn1.png */; };
		842D5DD61BF7E73500EDA8E2 /* btn2.png in Resources */ = {isa = PBXBuildFile; fileRef = 842D5DCD1BF7E73500EDA8E2 /* btn2.png */; };
		842D5DD71BF7E73500EDA8E2 /* cloud_image.png in Resources */ = {isa = PBXBuildFile; fileRef = 842D5DCE1BF7E73500EDA8E2 /* cloud_image.png */; };
		842D5DD81BF7E73500EDA8E2 /* drawn_design.JPG in Resources */ = {isa = PBXBuildFile; fileRef = 842D5DCF1BF7E73500EDA8E2 /* drawn_design.JPG */; };
		842D5DD91BF7E73500EDA8E2 /* parse.svg in Resources */ = {isa = PBXBuildFile; fileRef = 842D5DD01BF7E73500EDA8E2 /* parse.svg */; };
		842D5DDA1BF7E73500EDA8E2 /* play_button.png in Resources */ = {isa = PBXBuildFile; fileRef = 842D5DD11BF7E73500EDA8E2 /* play_button.png */; };
		842D5DDB1BF7E73500EDA8E2 /* reddit.jpg in Resources */ = {isa = PBXBuildFile; fileRef = 842D5DD21BF7E73500EDA8E2 /* reddit.jpg */; };
		842D5DDC1BF7E73500EDA8E2 /* store_song.png in Resources */ = {isa = PBXBuildFile; fileRef = 842D5DD31BF7E73500EDA8E2 /* store_song.png */; };
		842D5DDD1BF7E73500EDA8E2 /* view_website.png in Resources */ = {isa = PBXBuildFile; fileRef = 842D5DD41BF7E73500EDA8E2 /* view_website.png */; };
		842D5DDF1BF7E77C00EDA8E2 /* header.png in Resources */ = {isa = PBXBuildFile; fileRef = 842D5DDE1BF7E77C00EDA8E2 /* header.png */; };
		84CE9CE51BF7C3CA00193A5A /* AppDelegate.swift in Sources */ = {isa = PBXBuildFile; fileRef = 84CE9CE41BF7C3CA00193A5A /* AppDelegate.swift */; };
		84CE9CE71BF7C3CA00193A5A /* ViewController.swift in Sources */ = {isa = PBXBuildFile; fileRef = 84CE9CE61BF7C3CA00193A5A /* ViewController.swift */; };
		84CE9CEA1BF7C3CA00193A5A /* Main.storyboard in Resources */ = {isa = PBXBuildFile; fileRef = 84CE9CE81BF7C3CA00193A5A /* Main.storyboard */; };
		84CE9CEC1BF7C3CA00193A5A /* Assets.xcassets in Resources */ = {isa = PBXBuildFile; fileRef = 84CE9CEB1BF7C3CA00193A5A /* Assets.xcassets */; };
		84CE9CEF1BF7C3CA00193A5A /* LaunchScreen.storyboard in Resources */ = {isa = PBXBuildFile; fileRef = 84CE9CED1BF7C3CA00193A5A /* LaunchScreen.storyboard */; };
/* End PBXBuildFile section */

/* Begin PBXFileReference section */
		842D5DCC1BF7E73500EDA8E2 /* btn1.png */ = {isa = PBXFileReference; lastKnownFileType = image.png; path = btn1.png; sourceTree = "<group>"; };
		842D5DCD1BF7E73500EDA8E2 /* btn2.png */ = {isa = PBXFileReference; lastKnownFileType = image.png; path = btn2.png; sourceTree = "<group>"; };
		842D5DCE1BF7E73500EDA8E2 /* cloud_image.png */ = {isa = PBXFileReference; lastKnownFileType = image.png; path = cloud_image.png; sourceTree = "<group>"; };
		842D5DCF1BF7E73500EDA8E2 /* drawn_design.JPG */ = {isa = PBXFileReference; lastKnownFileType = image.jpeg; path = drawn_design.JPG; sourceTree = "<group>"; };
		842D5DD01BF7E73500EDA8E2 /* parse.svg */ = {isa = PBXFileReference; fileEncoding = 4; lastKnownFileType = text.xml; path = parse.svg; sourceTree = "<group>"; };
		842D5DD11BF7E73500EDA8E2 /* play_button.png */ = {isa = PBXFileReference; lastKnownFileType = image.png; path = play_button.png; sourceTree = "<group>"; };
		842D5DD21BF7E73500EDA8E2 /* reddit.jpg */ = {isa = PBXFileReference; lastKnownFileType = image.jpeg; path = reddit.jpg; sourceTree = "<group>"; };
		842D5DD31BF7E73500EDA8E2 /* store_song.png */ = {isa = PBXFileReference; lastKnownFileType = image.png; path = store_song.png; sourceTree = "<group>"; };
		842D5DD41BF7E73500EDA8E2 /* view_website.png */ = {isa = PBXFileReference; lastKnownFileType = image.png; path = view_website.png; sourceTree = "<group>"; };
		842D5DDE1BF7E77C00EDA8E2 /* header.png */ = {isa = PBXFileReference; lastKnownFileType = image.png; path = header.png; sourceTree = "<group>"; };
		84CE9CE11BF7C3CA00193A5A /* PlayListr.app */ = {isa = PBXFileReference; explicitFileType = wrapper.application; includeInIndex = 0; path = PlayListr.app; sourceTree = BUILT_PRODUCTS_DIR; };
		84CE9CE41BF7C3CA00193A5A /* AppDelegate.swift */ = {isa = PBXFileReference; lastKnownFileType = sourcecode.swift; path = AppDelegate.swift; sourceTree = "<group>"; };
		84CE9CE61BF7C3CA00193A5A /* ViewController.swift */ = {isa = PBXFileReference; lastKnownFileType = sourcecode.swift; path = ViewController.swift; sourceTree = "<group>"; };
		84CE9CE91BF7C3CA00193A5A /* Base */ = {isa = PBXFileReference; lastKnownFileType = file.storyboard; name = Base; path = Base.lproj/Main.storyboard; sourceTree = "<group>"; };
		84CE9CEB1BF7C3CA00193A5A /* Assets.xcassets */ = {isa = PBXFileReference; lastKnownFileType = folder.assetcatalog; path = Assets.xcassets; sourceTree = "<group>"; };
		84CE9CEE1BF7C3CA00193A5A /* Base */ = {isa = PBXFileReference; lastKnownFileType = file.storyboard; name = Base; path = Base.lproj/LaunchScreen.storyboard; sourceTree = "<group>"; };
		84CE9CF01BF7C3CA00193A5A /* Info.plist */ = {isa = PBXFileReference; lastKnownFileType = text.plist.xml; path = Info.plist; sourceTree = "<group>"; };
/* End PBXFileReference section */

/* Begin PBXFrameworksBuildPhase section */
		84CE9CDE1BF7C3CA00193A5A /* Frameworks */ = {
			isa = PBXFrameworksBuildPhase;
			buildActionMask = 2147483647;
			files = (
			);
			runOnlyForDeploymentPostprocessing = 0;
		};
/* End PBXFrameworksBuildPhase section */

/* Begin PBXGroup section */
		84CE9CD81BF7C3CA00193A5A = {
			isa = PBXGroup;
			children = (
				84CE9CE31BF7C3CA00193A5A /* PlayListr */,
				84CE9CE21BF7C3CA00193A5A /* Products */,
			);
			sourceTree = "<group>";
		};
		84CE9CE21BF7C3CA00193A5A /* Products */ = {
			isa = PBXGroup;
			children = (
				84CE9CE11BF7C3CA00193A5A /* PlayListr.app */,
			);
			name = Products;
			sourceTree = "<group>";
		};
		84CE9CE31BF7C3CA00193A5A /* PlayListr */ = {
			isa = PBXGroup;
			children = (
				84CE9CE41BF7C3CA00193A5A /* AppDelegate.swift */,
				84CE9CE61BF7C3CA00193A5A /* ViewController.swift */,
				84CE9CE81BF7C3CA00193A5A /* Main.storyboard */,
				84CE9CEB1BF7C3CA00193A5A /* Assets.xcassets */,
				842D5DCC1BF7E73500EDA8E2 /* btn1.png */,
				842D5DCD1BF7E73500EDA8E2 /* btn2.png */,
				842D5DCE1BF7E73500EDA8E2 /* cloud_image.png */,
				842D5DCF1BF7E73500EDA8E2 /* drawn_design.JPG */,
				842D5DD01BF7E73500EDA8E2 /* parse.svg */,
				842D5DD11BF7E73500EDA8E2 /* play_button.png */,
				842D5DDE1BF7E77C00EDA8E2 /* header.png */,
				842D5DD21BF7E73500EDA8E2 /* reddit.jpg */,
				842D5DD31BF7E73500EDA8E2 /* store_song.png */,
				842D5DD41BF7E73500EDA8E2 /* view_website.png */,
				84CE9CED1BF7C3CA00193A5A /* LaunchScreen.storyboard */,
				84CE9CF01BF7C3CA00193A5A /* Info.plist */,
			);
			path = PlayListr;
			sourceTree = "<group>";
		};
/* End PBXGroup section */

/* Begin PBXNativeTarget section */
		84CE9CE01BF7C3CA00193A5A /* PlayListr */ = {
			isa = PBXNativeTarget;
			buildConfigurationList = 84CE9CF31BF7C3CA00193A5A /* Build configuration list for PBXNativeTarget "PlayListr" */;
			buildPhases = (
				84CE9CDD1BF7C3CA00193A5A /* Sources */,
				84CE9CDE1BF7C3CA00193A5A /* Frameworks */,
				84CE9CDF1BF7C3CA00193A5A /* Resources */,
			);
			buildRules = (
			);
			dependencies = (
			);
			name = PlayListr;
			productName = PlayListr;
			productReference = 84CE9CE11BF7C3CA00193A5A /* PlayListr.app */;
			productType = "com.apple.product-type.application";
		};
/* End PBXNativeTarget section */

/* Begin PBXProject section */
		84CE9CD91BF7C3CA00193A5A /* Project object */ = {
			isa = PBXProject;
			attributes = {
				LastSwiftUpdateCheck = 0710;
				LastUpgradeCheck = 0710;
				ORGANIZATIONNAME = "Ryan Schachte";
				TargetAttributes = {
					84CE9CE01BF7C3CA00193A5A = {
						CreatedOnToolsVersion = 7.1.1;
						DevelopmentTeam = 26MEM5T697;
					};
				};
			};
			buildConfigurationList = 84CE9CDC1BF7C3CA00193A5A /* Build configuration list for PBXProject "PlayListr" */;
			compatibilityVersion = "Xcode 3.2";
			developmentRegion = English;
			hasScannedForEncodings = 0;
			knownRegions = (
				en,
				Base,
			);
			mainGroup = 84CE9CD81BF7C3CA00193A5A;
			productRefGroup = 84CE9CE21BF7C3CA00193A5A /* Products */;
			projectDirPath = "";
			projectRoot = "";
			targets = (
				84CE9CE01BF7C3CA00193A5A /* PlayListr */,
			);
		};
/* End PBXProject section */

/* Begin PBXResourcesBuildPhase section */
		84CE9CDF1BF7C3CA00193A5A /* Resources */ = {
			isa = PBXResourcesBuildPhase;
			buildActionMask = 2147483647;
			files = (
				842D5DDD1BF7E73500EDA8E2 /* view_website.png in Resources */,
				842D5DD81BF7E73500EDA8E2 /* drawn_design.JPG in Resources */,
				842D5DD51BF7E73500EDA8E2 /* btn1.png in Resources */,
				842D5DD91BF7E73500EDA8E2 /* parse.svg in Resources */,
				842D5DD61BF7E73500EDA8E2 /* btn2.png in Resources */,
				842D5DDC1BF7E73500EDA8E2 /* store_song.png in Resources */,
				842D5DDA1BF7E73500EDA8E2 /* play_button.png in Resources */,
				842D5DDB1BF7E73500EDA8E2 /* reddit.jpg in Resources */,
				84CE9CEF1BF7C3CA00193A5A /* LaunchScreen.storyboard in Resources */,
				84CE9CEC1BF7C3CA00193A5A /* Assets.xcassets in Resources */,
				842D5DDF1BF7E77C00EDA8E2 /* header.png in Resources */,
				84CE9CEA1BF7C3CA00193A5A /* Main.storyboard in Resources */,
				842D5DD71BF7E73500EDA8E2 /* cloud_image.png in Resources */,
			);
			runOnlyForDeploymentPostprocessing = 0;
		};
/* End PBXResourcesBuildPhase section */

/* Begin PBXSourcesBuildPhase section */
		84CE9CDD1BF7C3CA00193A5A /* Sources */ = {
			isa = PBXSourcesBuildPhase;
			buildActionMask = 2147483647;
			files = (
				84CE9CE71BF7C3CA00193A5A /* ViewController.swift in Sources */,
				84CE9CE51BF7C3CA00193A5A /* AppDelegate.swift in Sources */,
			);
			runOnlyForDeploymentPostprocessing = 0;
		};
/* End PBXSourcesBuildPhase section */

/* Begin PBXVariantGroup section */
		84CE9CE81BF7C3CA00193A5A /* Main.storyboard */ = {
			isa = PBXVariantGroup;
			children = (
				84CE9CE91BF7C3CA00193A5A /* Base */,
			);
			name = Main.storyboard;
			sourceTree = "<group>";
		};
		84CE9CED1BF7C3CA00193A5A /* LaunchScreen.storyboard */ = {
			isa = PBXVariantGroup;
			children = (
				84CE9CEE1BF7C3CA00193A5A /* Base */,
			);
			name = LaunchScreen.storyboard;
			sourceTree = "<group>";
		};
/* End PBXVariantGroup section */

/* Begin XCBuildConfiguration section */
		84CE9CF11BF7C3CA00193A5A /* Debug */ = {
			isa = XCBuildConfiguration;
			buildSettings = {
				ALWAYS_SEARCH_USER_PATHS = NO;
				CLANG_CXX_LANGUAGE_STANDARD = "gnu++0x";
				CLANG_CXX_LIBRARY = "libc++";
				CLANG_ENABLE_MODULES = YES;
				CLANG_ENABLE_OBJC_ARC = YES;
				CLANG_WARN_BOOL_CONVERSION = YES;
				CLANG_WARN_CONSTANT_CONVERSION = YES;
				CLANG_WARN_DIRECT_OBJC_ISA_USAGE = YES_ERROR;
				CLANG_WARN_EMPTY_BODY = YES;
				CLANG_WARN_ENUM_CONVERSION = YES;
				CLANG_WARN_INT_CONVERSION = YES;
				CLANG_WARN_OBJC_ROOT_CLASS = YES_ERROR;
				CLANG_WARN_UNREACHABLE_CODE = YES;
				CLANG_WARN__DUPLICATE_METHOD_MATCH = YES;
				"CODE_SIGN_IDENTITY[sdk=iphoneos*]" = "iPhone Developer";
				COPY_PHASE_STRIP = NO;
				DEBUG_INFORMATION_FORMAT = dwarf;
				ENABLE_STRICT_OBJC_MSGSEND = YES;
				ENABLE_TESTABILITY = YES;
				GCC_C_LANGUAGE_STANDARD = gnu99;
				GCC_DYNAMIC_NO_PIC = NO;
				GCC_NO_COMMON_BLOCKS = YES;
				GCC_OPTIMIZATION_LEVEL = 0;
				GCC_PREPROCESSOR_DEFINITIONS = (
					"DEBUG=1",
					"$(inherited)",
				);
				GCC_WARN_64_TO_32_BIT_CONVERSION = YES;
				GCC_WARN_ABOUT_RETURN_TYPE = YES_ERROR;
				GCC_WARN_UNDECLARED_SELECTOR = YES;
				GCC_WARN_UNINITIALIZED_AUTOS = YES_AGGRESSIVE;
				GCC_WARN_UNUSED_FUNCTION = YES;
				GCC_WARN_UNUSED_VARIABLE = YES;
				IPHONEOS_DEPLOYMENT_TARGET = 9.1;
				MTL_ENABLE_DEBUG_INFO = YES;
				ONLY_ACTIVE_ARCH = YES;
				SDKROOT = iphoneos;
				SWIFT_OPTIMIZATION_LEVEL = "-Onone";
			};
			name = Debug;
		};
		84CE9CF21BF7C3CA00193A5A /* Release */ = {
			isa = XCBuildConfiguration;
			buildSettings = {
				ALWAYS_SEARCH_USER_PATHS = NO;
				CLANG_CXX_LANGUAGE_STANDARD = "gnu++0x";
				CLANG_CXX_LIBRARY = "libc++";
				CLANG_ENABLE_MODULES = YES;
				CLANG_ENABLE_OBJC_ARC = YES;
				CLANG_WARN_BOOL_CONVERSION = YES;
				CLANG_WARN_CONSTANT_CONVERSION = YES;
				CLANG_WARN_DIRECT_OBJC_ISA_USAGE = YES_ERROR;
				CLANG_WARN_EMPTY_BODY = YES;
				CLANG_WARN_ENUM_CONVERSION = YES;
				CLANG_WARN_INT_CONVERSION = YES;
				CLANG_WARN_OBJC_ROOT_CLASS = YES_ERROR;
				CLANG_WARN_UNREACHABLE_CODE = YES;
				CLANG_WARN__DUPLICATE_METHOD_MATCH = YES;
				"CODE_SIGN_IDENTITY[sdk=iphoneos*]" = "iPhone Developer";
				COPY_PHASE_STRIP = NO;
				DEBUG_INFORMATION_FORMAT = "dwarf-with-dsym";
				ENABLE_NS_ASSERTIONS = NO;
				ENABLE_STRICT_OBJC_MSGSEND = YES;
				GCC_C_LANGUAGE_STANDARD = gnu99;
				GCC_NO_COMMON_BLOCKS = YES;
				GCC_WARN_64_TO_32_BIT_CONVERSION = YES;
				GCC_WARN_ABOUT_RETURN_TYPE = YES_ERROR;
				GCC_WARN_UNDECLARED_SELECTOR = YES;
				GCC_WARN_UNINITIALIZED_AUTOS = YES_AGGRESSIVE;
				GCC_WARN_UNUSED_FUNCTION = YES;
				GCC_WARN_UNUSED_VARIABLE = YES;
				IPHONEOS_DEPLOYMENT_TARGET = 9.1;
				MTL_ENABLE_DEBUG_INFO = NO;
				SDKROOT = iphoneos;
				VALIDATE_PRODUCT = YES;
			};
			name = Release;
		};
		84CE9CF41BF7C3CA00193A5A /* Debug */ = {
			isa = XCBuildConfiguration;
			buildSettings = {
				ASSETCATALOG_COMPILER_APPICON_NAME = AppIcon;
				INFOPLIST_FILE = PlayListr/Info.plist;
				LD_RUNPATH_SEARCH_PATHS = "$(inherited) @executable_path/Frameworks";
				PRODUCT_BUNDLE_IDENTIFIER = ASU.PlayListr;
				PRODUCT_NAME = "$(TARGET_NAME)";
			};
			name = Debug;
		};
		84CE9CF51BF7C3CA00193A5A /* Release */ = {
			isa = XCBuildConfiguration;
			buildSettings = {
				ASSETCATALOG_COMPILER_APPICON_NAME = AppIcon;
				INFOPLIST_FILE = PlayListr/Info.plist;
				LD_RUNPATH_SEARCH_PATHS = "$(inherited) @executable_path/Frameworks";
				PRODUCT_BUNDLE_IDENTIFIER = ASU.PlayListr;
				PRODUCT_NAME = "$(TARGET_NAME)";
			};
			name = Release;
		};
/* End XCBuildConfiguration section */

/* Begin XCConfigurationList section */
		84CE9CDC1BF7C3CA00193A5A /* Build configuration list for PBXProject "PlayListr" */ = {
			isa = XCConfigurationList;
			buildConfigurations = (
				84CE9CF11BF7C3CA00193A5A /* Debug */,
				84CE9CF21BF7C3CA00193A5A /* Release */,
			);
			defaultConfigurationIsVisible = 0;
			defaultConfigurationName = Release;
		};
		84CE9CF31BF7C3CA00193A5A /* Build configuration list for PBXNativeTarget "PlayListr" */ = {
			isa = XCConfigurationList;
			buildConfigurations = (
				84CE9CF41BF7C3CA00193A5A /* Debug */,
				84CE9CF51BF7C3CA00193A5A /* Release */,
			);
			defaultConfigurationIsVisible = 0;
			defaultConfigurationName = Release;
		};
/* End XCConfigurationList section */
	};
	rootObject = 84CE9CD91BF7C3CA00193A5A /* Project object */;
}
